
Microsoft Visual Studio Solution File, Format Version 12.00
# Visual Studio 15
VisualStudioVersion = 15.0.27004.2006
MinimumVisualStudioVersion = 10.0.40219.1
Project("{FAE04EC0-301F-11D3-BF4B-00C04F79EFBC}") = "Parents.Android", "Parents\Parents.Android\Parents.Android.csproj", "{FE0F863D-FB1D-487C-B75B-5F65891A618E}"
EndProject
Project("{FAE04EC0-301F-11D3-BF4B-00C04F79EFBC}") = "Parents", "Parents\Parents\Parents.csproj", "{07431CAE-496F-4613-81A0-31C4A0092E19}"
EndProject
Project("{FAE04EC0-301F-11D3-BF4B-00C04F79EFBC}") = "Parents.iOS", "Parents\Parents.iOS\Parents.iOS.csproj", "{9B1B7FE7-F8EB-4197-990E-EEB8788E3E96}"
EndProject
Project("{FAE04EC0-301F-11D3-BF4B-00C04F79EFBC}") = "Parents.Domain", "Parents.Domain\Parents.Domain.csproj", "{182BDC44-F225-46A3-BF9B-2D1E8CCFE734}"
EndProject
Project("{FAE04EC0-301F-11D3-BF4B-00C04F79EFBC}") = "Parents.Backend", "Parents.Backend\Parents.Backend.csproj", "{996B64D6-E884-4FD1-9943-5EEEA7FC1004}"
EndProject
Project("{FAE04EC0-301F-11D3-BF4B-00C04F79EFBC}") = "Parents.API", "Parents.API\Parents.API.csproj", "{868998AC-DF65-4946-880F-C83C12BA9A44}"
EndProject
Project("{2150E333-8FDC-42A3-9474-1A3956D46DE8}") = "References", "References", "{928AAB40-277B-460C-B520-69D02A7291FE}"
	ProjectSection(SolutionItems) = preProject
		DatabaseRelatedIssues.txt = DatabaseRelatedIssues.txt
		Ideias.txt = Ideias.txt
		MaterialDesigns.txt = MaterialDesigns.txt
		PUTRelatedIssues.txt = PUTRelatedIssues.txt
		Tutorials.txt = Tutorials.txt
	EndProjectSection
EndProject
Global
	GlobalSection(SolutionConfigurationPlatforms) = preSolution
		Ad-Hoc|Any CPU = Ad-Hoc|Any CPU
		Ad-Hoc|iPhone = Ad-Hoc|iPhone
		Ad-Hoc|iPhoneSimulator = Ad-Hoc|iPhoneSimulator
		AppStore|Any CPU = AppStore|Any CPU
		AppStore|iPhone = AppStore|iPhone
		AppStore|iPhoneSimulator = AppStore|iPhoneSimulator
		Debug|Any CPU = Debug|Any CPU
		Debug|iPhone = Debug|iPhone
		Debug|iPhoneSimulator = Debug|iPhoneSimulator
		Release|Any CPU = Release|Any CPU
		Release|iPhone = Release|iPhone
		Release|iPhoneSimulator = Release|iPhoneSimulator
	EndGlobalSection
	GlobalSection(ProjectConfigurationPlatforms) = postSolution
		{FE0F863D-FB1D-487C-B75B-5F65891A618E}.Ad-Hoc|Any CPU.ActiveCfg = Release|Any CPU
		{FE0F863D-FB1D-487C-B75B-5F65891A618E}.Ad-Hoc|Any CPU.Build.0 = Release|Any CPU
		{FE0F863D-FB1D-487C-B75B-5F65891A618E}.Ad-Hoc|Any CPU.Deploy.0 = Release|Any CPU
		{FE0F863D-FB1D-487C-B75B-5F65891A618E}.Ad-Hoc|iPhone.ActiveCfg = Release|Any CPU
		{FE0F863D-FB1D-487C-B75B-5F65891A618E}.Ad-Hoc|iPhone.Build.0 = Release|Any CPU
		{FE0F863D-FB1D-487C-B75B-5F65891A618E}.Ad-Hoc|iPhone.Deploy.0 = Release|Any CPU
		{FE0F863D-FB1D-487C-B75B-5F65891A618E}.Ad-Hoc|iPhoneSimulator.ActiveCfg = Release|Any CPU
		{FE0F863D-FB1D-487C-B75B-5F65891A618E}.Ad-Hoc|iPhoneSimulator.Build.0 = Release|Any CPU
		{FE0F863D-FB1D-487C-B75B-5F65891A618E}.Ad-Hoc|iPhoneSimulator.Deploy.0 = Release|Any CPU
		{FE0F863D-FB1D-487C-B75B-5F65891A618E}.AppStore|Any CPU.ActiveCfg = Release|Any CPU
		{FE0F863D-FB1D-487C-B75B-5F65891A618E}.AppStore|Any CPU.Build.0 = Release|Any CPU
		{FE0F863D-FB1D-487C-B75B-5F65891A618E}.AppStore|Any CPU.Deploy.0 = Release|Any CPU
		{FE0F863D-FB1D-487C-B75B-5F65891A618E}.AppStore|iPhone.ActiveCfg = Release|Any CPU
		{FE0F863D-FB1D-487C-B75B-5F65891A618E}.AppStore|iPhone.Build.0 = Release|Any CPU
		{FE0F863D-FB1D-487C-B75B-5F65891A618E}.AppStore|iPhone.Deploy.0 = Release|Any CPU
		{FE0F863D-FB1D-487C-B75B-5F65891A618E}.AppStore|iPhoneSimulator.ActiveCfg = Release|Any CPU
		{FE0F863D-FB1D-487C-B75B-5F65891A618E}.AppStore|iPhoneSimulator.Build.0 = Release|Any CPU
		{FE0F863D-FB1D-487C-B75B-5F65891A618E}.AppStore|iPhoneSimulator.Deploy.0 = Release|Any CPU
		{FE0F863D-FB1D-487C-B75B-5F65891A618E}.Debug|Any CPU.ActiveCfg = Debug|Any CPU
		{FE0F863D-FB1D-487C-B75B-5F65891A618E}.Debug|Any CPU.Build.0 = Debug|Any CPU
		{FE0F863D-FB1D-487C-B75B-5F65891A618E}.Debug|Any CPU.Deploy.0 = Debug|Any CPU
		{FE0F863D-FB1D-487C-B75B-5F65891A618E}.Debug|iPhone.ActiveCfg = Debug|Any CPU
		{FE0F863D-FB1D-487C-B75B-5F65891A618E}.Debug|iPhone.Build.0 = Debug|Any CPU
		{FE0F863D-FB1D-487C-B75B-5F65891A618E}.Debug|iPhone.Deploy.0 = Debug|Any CPU
		{FE0F863D-FB1D-487C-B75B-5F65891A618E}.Debug|iPhoneSimulator.ActiveCfg = Debug|Any CPU
		{FE0F863D-FB1D-487C-B75B-5F65891A618E}.Debug|iPhoneSimulator.Build.0 = Debug|Any CPU
		{FE0F863D-FB1D-487C-B75B-5F65891A618E}.Debug|iPhoneSimulator.Deploy.0 = Debug|Any CPU
		{FE0F863D-FB1D-487C-B75B-5F65891A618E}.Release|Any CPU.ActiveCfg = Release|Any CPU
		{FE0F863D-FB1D-487C-B75B-5F65891A618E}.Release|Any CPU.Build.0 = Release|Any CPU
		{FE0F863D-FB1D-487C-B75B-5F65891A618E}.Release|Any CPU.Deploy.0 = Release|Any CPU
		{FE0F863D-FB1D-487C-B75B-5F65891A618E}.Release|iPhone.ActiveCfg = Release|Any CPU
		{FE0F863D-FB1D-487C-B75B-5F65891A618E}.Release|iPhone.Build.0 = Release|Any CPU
		{FE0F863D-FB1D-487C-B75B-5F65891A618E}.Release|iPhone.Deploy.0 = Release|Any CPU
		{FE0F863D-FB1D-487C-B75B-5F65891A618E}.Release|iPhoneSimulator.ActiveCfg = Release|Any CPU
		{FE0F863D-FB1D-487C-B75B-5F65891A618E}.Release|iPhoneSimulator.Build.0 = Release|Any CPU
		{FE0F863D-FB1D-487C-B75B-5F65891A618E}.Release|iPhoneSimulator.Deploy.0 = Release|Any CPU
		{07431CAE-496F-4613-81A0-31C4A0092E19}.Ad-Hoc|Any CPU.ActiveCfg = Release|Any CPU
		{07431CAE-496F-4613-81A0-31C4A0092E19}.Ad-Hoc|Any CPU.Build.0 = Release|Any CPU
		{07431CAE-496F-4613-81A0-31C4A0092E19}.Ad-Hoc|iPhone.ActiveCfg = Release|Any CPU
		{07431CAE-496F-4613-81A0-31C4A0092E19}.Ad-Hoc|iPhone.Build.0 = Release|Any CPU
		{07431CAE-496F-4613-81A0-31C4A0092E19}.Ad-Hoc|iPhoneSimulator.ActiveCfg = Release|Any CPU
		{07431CAE-496F-4613-81A0-31C4A0092E19}.Ad-Hoc|iPhoneSimulator.Build.0 = Release|Any CPU
		{07431CAE-496F-4613-81A0-31C4A0092E19}.AppStore|Any CPU.ActiveCfg = Release|Any CPU
		{07431CAE-496F-4613-81A0-31C4A0092E19}.AppStore|Any CPU.Build.0 = Release|Any CPU
		{07431CAE-496F-4613-81A0-31C4A0092E19}.AppStore|iPhone.ActiveCfg = Release|Any CPU
		{07431CAE-496F-4613-81A0-31C4A0092E19}.AppStore|iPhone.Build.0 = Release|Any CPU
		{07431CAE-496F-4613-81A0-31C4A0092E19}.AppStore|iPhoneSimulator.ActiveCfg = Release|Any CPU
		{07431CAE-496F-4613-81A0-31C4A0092E19}.AppStore|iPhoneSimulator.Build.0 = Release|Any CPU
		{07431CAE-496F-4613-81A0-31C4A0092E19}.Debug|Any CPU.ActiveCfg = Debug|Any CPU
		{07431CAE-496F-4613-81A0-31C4A0092E19}.Debug|Any CPU.Build.0 = Debug|Any CPU
		{07431CAE-496F-4613-81A0-31C4A0092E19}.Debug|iPhone.ActiveCfg = Debug|Any CPU
		{07431CAE-496F-4613-81A0-31C4A0092E19}.Debug|iPhone.Build.0 = Debug|Any CPU
		{07431CAE-496F-4613-81A0-31C4A0092E19}.Debug|iPhoneSimulator.ActiveCfg = Debug|Any CPU
		{07431CAE-496F-4613-81A0-31C4A0092E19}.Debug|iPhoneSimulator.Build.0 = Debug|Any CPU
		{07431CAE-496F-4613-81A0-31C4A0092E19}.Release|Any CPU.ActiveCfg = Release|Any CPU
		{07431CAE-496F-4613-81A0-31C4A0092E19}.Release|Any CPU.Build.0 = Release|Any CPU
		{07431CAE-496F-4613-81A0-31C4A0092E19}.Release|iPhone.ActiveCfg = Release|Any CPU
		{07431CAE-496F-4613-81A0-31C4A0092E19}.Release|iPhone.Build.0 = Release|Any CPU
		{07431CAE-496F-4613-81A0-31C4A0092E19}.Release|iPhoneSimulator.ActiveCfg = Release|Any CPU
		{07431CAE-496F-4613-81A0-31C4A0092E19}.Release|iPhoneSimulator.Build.0 = Release|Any CPU
		{9B1B7FE7-F8EB-4197-990E-EEB8788E3E96}.Ad-Hoc|Any CPU.ActiveCfg = Ad-Hoc|iPhoneSimulator
		{9B1B7FE7-F8EB-4197-990E-EEB8788E3E96}.Ad-Hoc|iPhone.ActiveCfg = Ad-Hoc|iPhone
		{9B1B7FE7-F8EB-4197-990E-EEB8788E3E96}.Ad-Hoc|iPhone.Build.0 = Ad-Hoc|iPhone
		{9B1B7FE7-F8EB-4197-990E-EEB8788E3E96}.Ad-Hoc|iPhoneSimulator.ActiveCfg = Ad-Hoc|iPhoneSimulator
		{9B1B7FE7-F8EB-4197-990E-EEB8788E3E96}.Ad-Hoc|iPhoneSimulator.Build.0 = Ad-Hoc|iPhoneSimulator
		{9B1B7FE7-F8EB-4197-990E-EEB8788E3E96}.AppStore|Any CPU.ActiveCfg = AppStore|iPhoneSimulator
		{9B1B7FE7-F8EB-4197-990E-EEB8788E3E96}.AppStore|iPhone.ActiveCfg = AppStore|iPhone
		{9B1B7FE7-F8EB-4197-990E-EEB8788E3E96}.AppStore|iPhone.Build.0 = AppStore|iPhone
		{9B1B7FE7-F8EB-4197-990E-EEB8788E3E96}.AppStore|iPhoneSimulator.ActiveCfg = AppStore|iPhoneSimulator
		{9B1B7FE7-F8EB-4197-990E-EEB8788E3E96}.AppStore|iPhoneSimulator.Build.0 = AppStore|iPhoneSimulator
		{9B1B7FE7-F8EB-4197-990E-EEB8788E3E96}.Debug|Any CPU.ActiveCfg = Debug|iPhoneSimulator
		{9B1B7FE7-F8EB-4197-990E-EEB8788E3E96}.Debug|iPhone.ActiveCfg = Debug|iPhone
		{9B1B7FE7-F8EB-4197-990E-EEB8788E3E96}.Debug|iPhone.Build.0 = Debug|iPhone
		{9B1B7FE7-F8EB-4197-990E-EEB8788E3E96}.Debug|iPhoneSimulator.ActiveCfg = Debug|iPhoneSimulator
		{9B1B7FE7-F8EB-4197-990E-EEB8788E3E96}.Debug|iPhoneSimulator.Build.0 = Debug|iPhoneSimulator
		{9B1B7FE7-F8EB-4197-990E-EEB8788E3E96}.Release|Any CPU.ActiveCfg = Release|iPhoneSimulator
		{9B1B7FE7-F8EB-4197-990E-EEB8788E3E96}.Release|iPhone.ActiveCfg = Release|iPhone
		{9B1B7FE7-F8EB-4197-990E-EEB8788E3E96}.Release|iPhone.Build.0 = Release|iPhone
		{9B1B7FE7-F8EB-4197-990E-EEB8788E3E96}.Release|iPhoneSimulator.ActiveCfg = Release|iPhoneSimulator
		{9B1B7FE7-F8EB-4197-990E-EEB8788E3E96}.Release|iPhoneSimulator.Build.0 = Release|iPhoneSimulator
		{182BDC44-F225-46A3-BF9B-2D1E8CCFE734}.Ad-Hoc|Any CPU.ActiveCfg = Release|Any CPU
		{182BDC44-F225-46A3-BF9B-2D1E8CCFE734}.Ad-Hoc|Any CPU.Build.0 = Release|Any CPU
		{182BDC44-F225-46A3-BF9B-2D1E8CCFE734}.Ad-Hoc|iPhone.ActiveCfg = Release|Any CPU
		{182BDC44-F225-46A3-BF9B-2D1E8CCFE734}.Ad-Hoc|iPhone.Build.0 = Release|Any CPU
		{182BDC44-F225-46A3-BF9B-2D1E8CCFE734}.Ad-Hoc|iPhoneSimulator.ActiveCfg = Release|Any CPU
		{182BDC44-F225-46A3-BF9B-2D1E8CCFE734}.Ad-Hoc|iPhoneSimulator.Build.0 = Release|Any CPU
		{182BDC44-F225-46A3-BF9B-2D1E8CCFE734}.AppStore|Any CPU.ActiveCfg = Release|Any CPU
		{182BDC44-F225-46A3-BF9B-2D1E8CCFE734}.AppStore|Any CPU.Build.0 = Release|Any CPU
		{182BDC44-F225-46A3-BF9B-2D1E8CCFE734}.AppStore|iPhone.ActiveCfg = Release|Any CPU
		{182BDC44-F225-46A3-BF9B-2D1E8CCFE734}.AppStore|iPhone.Build.0 = Release|Any CPU
		{182BDC44-F225-46A3-BF9B-2D1E8CCFE734}.AppStore|iPhoneSimulator.ActiveCfg = Release|Any CPU
		{182BDC44-F225-46A3-BF9B-2D1E8CCFE734}.AppStore|iPhoneSimulator.Build.0 = Release|Any CPU
		{182BDC44-F225-46A3-BF9B-2D1E8CCFE734}.Debug|Any CPU.ActiveCfg = Debug|Any CPU
		{182BDC44-F225-46A3-BF9B-2D1E8CCFE734}.Debug|Any CPU.Build.0 = Debug|Any CPU
		{182BDC44-F225-46A3-BF9B-2D1E8CCFE734}.Debug|iPhone.ActiveCfg = Debug|Any CPU
		{182BDC44-F225-46A3-BF9B-2D1E8CCFE734}.Debug|iPhone.Build.0 = Debug|Any CPU
		{182BDC44-F225-46A3-BF9B-2D1E8CCFE734}.Debug|iPhoneSimulator.ActiveCfg = Debug|Any CPU
		{182BDC44-F225-46A3-BF9B-2D1E8CCFE734}.Debug|iPhoneSimulator.Build.0 = Debug|Any CPU
		{182BDC44-F225-46A3-BF9B-2D1E8CCFE734}.Release|Any CPU.ActiveCfg = Release|Any CPU
		{182BDC44-F225-46A3-BF9B-2D1E8CCFE734}.Release|Any CPU.Build.0 = Release|Any CPU
		{182BDC44-F225-46A3-BF9B-2D1E8CCFE734}.Release|iPhone.ActiveCfg = Release|Any CPU
		{182BDC44-F225-46A3-BF9B-2D1E8CCFE734}.Release|iPhone.Build.0 = Release|Any CPU
		{182BDC44-F225-46A3-BF9B-2D1E8CCFE734}.Release|iPhoneSimulator.ActiveCfg = Release|Any CPU
		{182BDC44-F225-46A3-BF9B-2D1E8CCFE734}.Release|iPhoneSimulator.Build.0 = Release|Any CPU
		{996B64D6-E884-4FD1-9943-5EEEA7FC1004}.Ad-Hoc|Any CPU.ActiveCfg = Release|Any CPU
		{996B64D6-E884-4FD1-9943-5EEEA7FC1004}.Ad-Hoc|Any CPU.Build.0 = Release|Any CPU
		{996B64D6-E884-4FD1-9943-5EEEA7FC1004}.Ad-Hoc|iPhone.ActiveCfg = Release|Any CPU
		{996B64D6-E884-4FD1-9943-5EEEA7FC1004}.Ad-Hoc|iPhone.Build.0 = Release|Any CPU
		{996B64D6-E884-4FD1-9943-5EEEA7FC1004}.Ad-Hoc|iPhoneSimulator.ActiveCfg = Release|Any CPU
		{996B64D6-E884-4FD1-9943-5EEEA7FC1004}.Ad-Hoc|iPhoneSimulator.Build.0 = Release|Any CPU
		{996B64D6-E884-4FD1-9943-5EEEA7FC1004}.AppStore|Any CPU.ActiveCfg = Release|Any CPU
		{996B64D6-E884-4FD1-9943-5EEEA7FC1004}.AppStore|Any CPU.Build.0 = Release|Any CPU
		{996B64D6-E884-4FD1-9943-5EEEA7FC1004}.AppStore|iPhone.ActiveCfg = Release|Any CPU
		{996B64D6-E884-4FD1-9943-5EEEA7FC1004}.AppStore|iPhone.Build.0 = Release|Any CPU
		{996B64D6-E884-4FD1-9943-5EEEA7FC1004}.AppStore|iPhoneSimulator.ActiveCfg = Release|Any CPU
		{996B64D6-E884-4FD1-9943-5EEEA7FC1004}.AppStore|iPhoneSimulator.Build.0 = Release|Any CPU
		{996B64D6-E884-4FD1-9943-5EEEA7FC1004}.Debug|Any CPU.ActiveCfg = Debug|Any CPU
		{996B64D6-E884-4FD1-9943-5EEEA7FC1004}.Debug|Any CPU.Build.0 = Debug|Any CPU
		{996B64D6-E884-4FD1-9943-5EEEA7FC1004}.Debug|iPhone.ActiveCfg = Debug|Any CPU
		{996B64D6-E884-4FD1-9943-5EEEA7FC1004}.Debug|iPhone.Build.0 = Debug|Any CPU
		{996B64D6-E884-4FD1-9943-5EEEA7FC1004}.Debug|iPhoneSimulator.ActiveCfg = Debug|Any CPU
		{996B64D6-E884-4FD1-9943-5EEEA7FC1004}.Debug|iPhoneSimulator.Build.0 = Debug|Any CPU
		{996B64D6-E884-4FD1-9943-5EEEA7FC1004}.Release|Any CPU.ActiveCfg = Release|Any CPU
		{996B64D6-E884-4FD1-9943-5EEEA7FC1004}.Release|Any CPU.Build.0 = Release|Any CPU
		{996B64D6-E884-4FD1-9943-5EEEA7FC1004}.Release|iPhone.ActiveCfg = Release|Any CPU
		{996B64D6-E884-4FD1-9943-5EEEA7FC1004}.Release|iPhone.Build.0 = Release|Any CPU
		{996B64D6-E884-4FD1-9943-5EEEA7FC1004}.Release|iPhoneSimulator.ActiveCfg = Release|Any CPU
		{996B64D6-E884-4FD1-9943-5EEEA7FC1004}.Release|iPhoneSimulator.Build.0 = Release|Any CPU
		{868998AC-DF65-4946-880F-C83C12BA9A44}.Ad-Hoc|Any CPU.ActiveCfg = Release|Any CPU
		{868998AC-DF65-4946-880F-C83C12BA9A44}.Ad-Hoc|Any CPU.Build.0 = Release|Any CPU
		{868998AC-DF65-4946-880F-C83C12BA9A44}.Ad-Hoc|iPhone.ActiveCfg = Release|Any CPU
		{868998AC-DF65-4946-880F-C83C12BA9A44}.Ad-Hoc|iPhone.Build.0 = Release|Any CPU
		{868998AC-DF65-4946-880F-C83C12BA9A44}.Ad-Hoc|iPhoneSimulator.ActiveCfg = Release|Any CPU
		{868998AC-DF65-4946-880F-C83C12BA9A44}.Ad-Hoc|iPhoneSimulator.Build.0 = Release|Any CPU
		{868998AC-DF65-4946-880F-C83C12BA9A44}.AppStore|Any CPU.ActiveCfg = Release|Any CPU
		{868998AC-DF65-4946-880F-C83C12BA9A44}.AppStore|Any CPU.Build.0 = Release|Any CPU
		{868998AC-DF65-4946-880F-C83C12BA9A44}.AppStore|iPhone.ActiveCfg = Release|Any CPU
		{868998AC-DF65-4946-880F-C83C12BA9A44}.AppStore|iPhone.Build.0 = Release|Any CPU
		{868998AC-DF65-4946-880F-C83C12BA9A44}.AppStore|iPhoneSimulator.ActiveCfg = Release|Any CPU
		{868998AC-DF65-4946-880F-C83C12BA9A44}.AppStore|iPhoneSimulator.Build.0 = Release|Any CPU
		{868998AC-DF65-4946-880F-C83C12BA9A44}.Debug|Any CPU.ActiveCfg = Debug|Any CPU
		{868998AC-DF65-4946-880F-C83C12BA9A44}.Debug|Any CPU.Build.0 = Debug|Any CPU
		{868998AC-DF65-4946-880F-C83C12BA9A44}.Debug|iPhone.ActiveCfg = Debug|Any CPU
		{868998AC-DF65-4946-880F-C83C12BA9A44}.Debug|iPhone.Build.0 = Debug|Any CPU
		{868998AC-DF65-4946-880F-C83C12BA9A44}.Debug|iPhoneSimulator.ActiveCfg = Debug|Any CPU
		{868998AC-DF65-4946-880F-C83C12BA9A44}.Debug|iPhoneSimulator.Build.0 = Debug|Any CPU
		{868998AC-DF65-4946-880F-C83C12BA9A44}.Release|Any CPU.ActiveCfg = Release|Any CPU
		{868998AC-DF65-4946-880F-C83C12BA9A44}.Release|Any CPU.Build.0 = Release|Any CPU
		{868998AC-DF65-4946-880F-C83C12BA9A44}.Release|iPhone.ActiveCfg = Release|Any CPU
		{868998AC-DF65-4946-880F-C83C12BA9A44}.Release|iPhone.Build.0 = Release|Any CPU
		{868998AC-DF65-4946-880F-C83C12BA9A44}.Release|iPhoneSimulator.ActiveCfg = Release|Any CPU
		{868998AC-DF65-4946-880F-C83C12BA9A44}.Release|iPhoneSimulator.Build.0 = Release|Any CPU
	EndGlobalSection
	GlobalSection(SolutionProperties) = preSolution
		HideSolutionNode = FALSE
	EndGlobalSection
	GlobalSection(ExtensibilityGlobals) = postSolution
		SolutionGuid = {437F3FB2-0E9B-4C38-833A-A3D9A5C20618}
	EndGlobalSection
EndGlobal
